// !$*UTF8*$!
{
	archiveVersion = 1;
	classes = {
	};
	objectVersion = 46;
	objects = {

/* Begin PBXBuildFile section */
		A14E2AC31A48CEC400E250AA /* DataConrtroller.swift in Sources */ = {isa = PBXBuildFile; fileRef = A14E2AC21A48CEC400E250AA /* DataConrtroller.swift */; };
		A1AC33741A45E53F0015D7A9 /* AppDelegate.swift in Sources */ = {isa = PBXBuildFile; fileRef = A1AC33731A45E53F0015D7A9 /* AppDelegate.swift */; };
		A1AC33771A45E53F0015D7A9 /* FoodTracker.xcdatamodeld in Sources */ = {isa = PBXBuildFile; fileRef = A1AC33751A45E53F0015D7A9 /* FoodTracker.xcdatamodeld */; };
		A1AC33791A45E53F0015D7A9 /* ViewController.swift in Sources */ = {isa = PBXBuildFile; fileRef = A1AC33781A45E53F0015D7A9 /* ViewController.swift */; };
		A1AC337C1A45E53F0015D7A9 /* Main.storyboard in Resources */ = {isa = PBXBuildFile; fileRef = A1AC337A1A45E53F0015D7A9 /* Main.storyboard */; };
		A1AC337E1A45E53F0015D7A9 /* Images.xcassets in Resources */ = {isa = PBXBuildFile; fileRef = A1AC337D1A45E53F0015D7A9 /* Images.xcassets */; };
		A1AC33811A45E53F0015D7A9 /* LaunchScreen.xib in Resources */ = {isa = PBXBuildFile; fileRef = A1AC337F1A45E53F0015D7A9 /* LaunchScreen.xib */; };
		A1AC338D1A45E53F0015D7A9 /* FoodTrackerTests.swift in Sources */ = {isa = PBXBuildFile; fileRef = A1AC338C1A45E53F0015D7A9 /* FoodTrackerTests.swift */; };
		A1AC33971A45E9150015D7A9 /* DetailViewController.swift in Sources */ = {isa = PBXBuildFile; fileRef = A1AC33961A45E9150015D7A9 /* DetailViewController.swift */; };
/* End PBXBuildFile section */

/* Begin PBXContainerItemProxy section */
		A1AC33871A45E53F0015D7A9 /* PBXContainerItemProxy */ = {
			isa = PBXContainerItemProxy;
			containerPortal = A1AC33661A45E53E0015D7A9 /* Project object */;
			proxyType = 1;
			remoteGlobalIDString = A1AC336D1A45E53F0015D7A9;
			remoteInfo = FoodTracker;
		};
/* End PBXContainerItemProxy section */

/* Begin PBXFileReference section */
		A14E2AC21A48CEC400E250AA /* DataConrtroller.swift */ = {isa = PBXFileReference; fileEncoding = 4; lastKnownFileType = sourcecode.swift; path = DataConrtroller.swift; sourceTree = "<group>"; };
		A1AC336E1A45E53F0015D7A9 /* FoodTracker.app */ = {isa = PBXFileReference; explicitFileType = wrapper.application; includeInIndex = 0; path = FoodTracker.app; sourceTree = BUILT_PRODUCTS_DIR; };
		A1AC33721A45E53F0015D7A9 /* Info.plist */ = {isa = PBXFileReference; lastKnownFileType = text.plist.xml; path = Info.plist; sourceTree = "<group>"; };
		A1AC33731A45E53F0015D7A9 /* AppDelegate.swift */ = {isa = PBXFileReference; lastKnownFileType = sourcecode.swift; path = AppDelegate.swift; sourceTree = "<group>"; };
		A1AC33761A45E53F0015D7A9 /* FoodTracker.xcdatamodel */ = {isa = PBXFileReference; lastKnownFileType = wrapper.xcdatamodel; path = FoodTracker.xcdatamodel; sourceTree = "<group>"; };
		A1AC33781A45E53F0015D7A9 /* ViewController.swift */ = {isa = PBXFileReference; lastKnownFileType = sourcecode.swift; path = ViewController.swift; sourceTree = "<group>"; };
		A1AC337B1A45E53F0015D7A9 /* Base */ = {isa = PBXFileReference; lastKnownFileType = file.storyboard; name = Base; path = Base.lproj/Main.storyboard; sourceTree = "<group>"; };
		A1AC337D1A45E53F0015D7A9 /* Images.xcassets */ = {isa = PBXFileReference; lastKnownFileType = folder.assetcatalog; path = Images.xcassets; sourceTree = "<group>"; };
		A1AC33801A45E53F0015D7A9 /* Base */ = {isa = PBXFileReference; lastKnownFileType = file.xib; name = Base; path = Base.lproj/LaunchScreen.xib; sourceTree = "<group>"; };
		A1AC33861A45E53F0015D7A9 /* FoodTrackerTests.xctest */ = {isa = PBXFileReference; explicitFileType = wrapper.cfbundle; includeInIndex = 0; path = FoodTrackerTests.xctest; sourceTree = BUILT_PRODUCTS_DIR; };
		A1AC338B1A45E53F0015D7A9 /* Info.plist */ = {isa = PBXFileReference; lastKnownFileType = text.plist.xml; path = Info.plist; sourceTree = "<group>"; };
		A1AC338C1A45E53F0015D7A9 /* FoodTrackerTests.swift */ = {isa = PBXFileReference; lastKnownFileType = sourcecode.swift; path = FoodTrackerTests.swift; sourceTree = "<group>"; };
		A1AC33961A45E9150015D7A9 /* DetailViewController.swift */ = {isa = PBXFileReference; fileEncoding = 4; lastKnownFileType = sourcecode.swift; path = DetailViewController.swift; sourceTree = "<group>"; };
/* End PBXFileReference section */

/* Begin PBXFrameworksBuildPhase section */
		A1AC336B1A45E53F0015D7A9 /* Frameworks */ = {
			isa = PBXFrameworksBuildPhase;
			buildActionMask = 2147483647;
			files = (
			);
			runOnlyForDeploymentPostprocessing = 0;
		};
		A1AC33831A45E53F0015D7A9 /* Frameworks */ = {
			isa = PBXFrameworksBuildPhase;
			buildActionMask = 2147483647;
			files = (
			);
			runOnlyForDeploymentPostprocessing = 0;
		};
/* End PBXFrameworksBuildPhase section */

/* Begin PBXGroup section */
		A1AC33651A45E53E0015D7A9 = {
			isa = PBXGroup;
			children = (
				A1AC33701A45E53F0015D7A9 /* FoodTracker */,
				A1AC33891A45E53F0015D7A9 /* FoodTrackerTests */,
				A1AC336F1A45E53F0015D7A9 /* Products */,
			);
			sourceTree = "<group>";
		};
		A1AC336F1A45E53F0015D7A9 /* Products */ = {
			isa = PBXGroup;
			children = (
				A1AC336E1A45E53F0015D7A9 /* FoodTracker.app */,
				A1AC33861A45E53F0015D7A9 /* FoodTrackerTests.xctest */,
			);
			name = Products;
			sourceTree = "<group>";
		};
		A1AC33701A45E53F0015D7A9 /* FoodTracker */ = {
			isa = PBXGroup;
			children = (
				A1AC33731A45E53F0015D7A9 /* AppDelegate.swift */,
				A1AC33781A45E53F0015D7A9 /* ViewController.swift */,
				A14E2AC21A48CEC400E250AA /* DataConrtroller.swift */,
				A1AC33961A45E9150015D7A9 /* DetailViewController.swift */,
				A1AC337A1A45E53F0015D7A9 /* Main.storyboard */,
				A1AC337D1A45E53F0015D7A9 /* Images.xcassets */,
				A1AC337F1A45E53F0015D7A9 /* LaunchScreen.xib */,
				A1AC33751A45E53F0015D7A9 /* FoodTracker.xcdatamodeld */,
				A1AC33711A45E53F0015D7A9 /* Supporting Files */,
			);
			path = FoodTracker;
			sourceTree = "<group>";
		};
		A1AC33711A45E53F0015D7A9 /* Supporting Files */ = {
			isa = PBXGroup;
			children = (
				A1AC33721A45E53F0015D7A9 /* Info.plist */,
			);
			name = "Supporting Files";
			sourceTree = "<group>";
		};
		A1AC33891A45E53F0015D7A9 /* FoodTrackerTests */ = {
			isa = PBXGroup;
			children = (
				A1AC338C1A45E53F0015D7A9 /* FoodTrackerTests.swift */,
				A1AC338A1A45E53F0015D7A9 /* Supporting Files */,
			);
			path = FoodTrackerTests;
			sourceTree = "<group>";
		};
		A1AC338A1A45E53F0015D7A9 /* Supporting Files */ = {
			isa = PBXGroup;
			children = (
				A1AC338B1A45E53F0015D7A9 /* Info.plist */,
			);
			name = "Supporting Files";
			sourceTree = "<group>";
		};
/* End PBXGroup section */

/* Begin PBXNativeTarget section */
		A1AC336D1A45E53F0015D7A9 /* FoodTracker */ = {
			isa = PBXNativeTarget;
			buildConfigurationList = A1AC33901A45E53F0015D7A9 /* Build configuration list for PBXNativeTarget "FoodTracker" */;
			buildPhases = (
				A1AC336A1A45E53F0015D7A9 /* Sources */,
				A1AC336B1A45E53F0015D7A9 /* Frameworks */,
				A1AC336C1A45E53F0015D7A9 /* Resources */,
			);
			buildRules = (
			);
			dependencies = (
			);
			name = FoodTracker;
			productName = FoodTracker;
			productReference = A1AC336E1A45E53F0015D7A9 /* FoodTracker.app */;
			productType = "com.apple.product-type.application";
		};
		A1AC33851A45E53F0015D7A9 /* FoodTrackerTests */ = {
			isa = PBXNativeTarget;
			buildConfigurationList = A1AC33931A45E53F0015D7A9 /* Build configuration list for PBXNativeTarget "FoodTrackerTests" */;
			buildPhases = (
				A1AC33821A45E53F0015D7A9 /* Sources */,
				A1AC33831A45E53F0015D7A9 /* Frameworks */,
				A1AC33841A45E53F0015D7A9 /* Resources */,
			);
			buildRules = (
			);
			dependencies = (
				A1AC33881A45E53F0015D7A9 /* PBXTargetDependency */,
			);
			name = FoodTrackerTests;
			productName = FoodTrackerTests;
			productReference = A1AC33861A45E53F0015D7A9 /* FoodTrackerTests.xctest */;
			productType = "com.apple.product-type.bundle.unit-test";
		};
/* End PBXNativeTarget section */

/* Begin PBXProject section */
		A1AC33661A45E53E0015D7A9 /* Project object */ = {
			isa = PBXProject;
			attributes = {
				LastUpgradeCheck = 0610;
				ORGANIZATIONNAME = Boris;
				TargetAttributes = {
					A1AC336D1A45E53F0015D7A9 = {
						CreatedOnToolsVersion = 6.1.1;
					};
					A1AC33851A45E53F0015D7A9 = {
						CreatedOnToolsVersion = 6.1.1;
						TestTargetID = A1AC336D1A45E53F0015D7A9;
					};
				};
			};
			buildConfigurationList = A1AC33691A45E53E0015D7A9 /* Build configuration list for PBXProject "FoodTracker" */;
			compatibilityVersion = "Xcode 3.2";
			developmentRegion = English;
			hasScannedForEncodings = 0;
			knownRegions = (
				en,
				Base,
			);
			mainGroup = A1AC33651A45E53E0015D7A9;
			productRefGroup = A1AC336F1A45E53F0015D7A9 /* Products */;
			projectDirPath = "";
			projectRoot = "";
			targets = (
				A1AC336D1A45E53F0015D7A9 /* FoodTracker */,
				A1AC33851A45E53F0015D7A9 /* FoodTrackerTests */,
			);
		};
/* End PBXProject section */

/* Begin PBXResourcesBuildPhase section */
		A1AC336C1A45E53F0015D7A9 /* Resources */ = {
			isa = PBXResourcesBuildPhase;
			buildActionMask = 2147483647;
			files = (
				A1AC337C1A45E53F0015D7A9 /* Main.storyboard in Resources */,
				A1AC33811A45E53F0015D7A9 /* LaunchScreen.xib in Resources */,
				A1AC337E1A45E53F0015D7A9 /* Images.xcassets in Resources */,
			);
			runOnlyForDeploymentPostprocessing = 0;
		};
		A1AC33841A45E53F0015D7A9 /* Resources */ = {
			isa = PBXResourcesBuildPhase;
			buildActionMask = 2147483647;
			files = (
			);
			runOnlyForDeploymentPostprocessing = 0;
		};
/* End PBXResourcesBuildPhase section */

/* Begin PBXSourcesBuildPhase section */
		A1AC336A1A45E53F0015D7A9 /* Sources */ = {
			isa = PBXSourcesBuildPhase;
			buildActionMask = 2147483647;
			files = (
				A14E2AC31A48CEC400E250AA /* DataConrtroller.swift in Sources */,
				A1AC33791A45E53F0015D7A9 /* ViewController.swift in Sources */,
				A1AC33771A45E53F0015D7A9 /* FoodTracker.xcdatamodeld in Sources */,
				A1AC33741A45E53F0015D7A9 /* AppDelegate.swift in Sources */,
				A1AC33971A45E9150015D7A9 /* DetailViewController.swift in Sources */,
			);
			runOnlyForDeploymentPostprocessing = 0;
		};
		A1AC33821A45E53F0015D7A9 /* Sources */ = {
			isa = PBXSourcesBuildPhase;
			buildActionMask = 2147483647;
			files = (
				A1AC338D1A45E53F0015D7A9 /* FoodTrackerTests.swift in Sources */,
			);
			runOnlyForDeploymentPostprocessing = 0;
		};
/* End PBXSourcesBuildPhase section */

/* Begin PBXTargetDependency section */
		A1AC33881A45E53F0015D7A9 /* PBXTargetDependency */ = {
			isa = PBXTargetDependency;
			target = A1AC336D1A45E53F0015D7A9 /* FoodTracker */;
			targetProxy = A1AC33871A45E53F0015D7A9 /* PBXContainerItemProxy */;
		};
/* End PBXTargetDependency section */

/* Begin PBXVariantGroup section */
		A1AC337A1A45E53F0015D7A9 /* Main.storyboard */ = {
			isa = PBXVariantGroup;
			children = (
				A1AC337B1A45E53F0015D7A9 /* Base */,
			);
			name = Main.storyboard;
			sourceTree = "<group>";
		};
		A1AC337F1A45E53F0015D7A9 /* LaunchScreen.xib */ = {
			isa = PBXVariantGroup;
			children = (
				A1AC33801A45E53F0015D7A9 /* Base */,
			);
			name = LaunchScreen.xib;
			sourceTree = "<group>";
		};
/* End PBXVariantGroup section */

/* Begin XCBuildConfiguration section */
		A1AC338E1A45E53F0015D7A9 /* Debug */ = {
			isa = XCBuildConfiguration;
			buildSettings = {
				ALWAYS_SEARCH_USER_PATHS = NO;
				CLANG_CXX_LANGUAGE_STANDARD = "gnu++0x";
				CLANG_CXX_LIBRARY = "libc++";
				CLANG_ENABLE_MODULES = YES;
				CLANG_ENABLE_OBJC_ARC = YES;
				CLANG_WARN_BOOL_CONVERSION = YES;
				CLANG_WARN_CONSTANT_CONVERSION = YES;
				CLANG_WARN_DIRECT_OBJC_ISA_USAGE = YES_ERROR;
				CLANG_WARN_EMPTY_BODY = YES;
				CLANG_WARN_ENUM_CONVERSION = YES;
				CLANG_WARN_INT_CONVERSION = YES;
				CLANG_WARN_OBJC_ROOT_CLASS = YES_ERROR;
				CLANG_WARN_UNREACHABLE_CODE = YES;
				CLANG_WARN__DUPLICATE_METHOD_MATCH = YES;
				"CODE_SIGN_IDENTITY[sdk=iphoneos*]" = "iPhone Developer";
				COPY_PHASE_STRIP = NO;
				ENABLE_STRICT_OBJC_MSGSEND = YES;
				GCC_C_LANGUAGE_STANDARD = gnu99;
				GCC_DYNAMIC_NO_PIC = NO;
				GCC_OPTIMIZATION_LEVEL = 0;
				GCC_PREPROCESSOR_DEFINITIONS = (
					"DEBUG=1",
					"$(inherited)",
				);
				GCC_SYMBOLS_PRIVATE_EXTERN = NO;
				GCC_WARN_64_TO_32_BIT_CONVERSION = YES;
				GCC_WARN_ABOUT_RETURN_TYPE = YES_ERROR;
				GCC_WARN_UNDECLARED_SELECTOR = YES;
				GCC_WARN_UNINITIALIZED_AUTOS = YES_AGGRESSIVE;
				GCC_WARN_UNUSED_FUNCTION = YES;
				GCC_WARN_UNUSED_VARIABLE = YES;
				IPHONEOS_DEPLOYMENT_TARGET = 8.1;
				MTL_ENABLE_DEBUG_INFO = YES;
				ONLY_ACTIVE_ARCH = YES;
				SDKROOT = iphoneos;
				SWIFT_OPTIMIZATION_LEVEL = "-Onone";
				TARGETED_DEVICE_FAMILY = "1,2";
			};
			name = Debug;
		};
		A1AC338F1A45E53F0015D7A9 /* Release */ = {
			isa = XCBuildConfiguration;
			buildSettings = {
				ALWAYS_SEARCH_USER_PATHS = NO;
				CLANG_CXX_LANGUAGE_STANDARD = "gnu++0x";
				CLANG_CXX_LIBRARY = "libc++";
				CLANG_ENABLE_MODULES = YES;
				CLANG_ENABLE_OBJC_ARC = YES;
				CLANG_WARN_BOOL_CONVERSION = YES;
				CLANG_WARN_CONSTANT_CONVERSION = YES;
				CLANG_WARN_DIRECT_OBJC_ISA_USAGE = YES_ERROR;
				CLANG_WARN_EMPTY_BODY = YES;
				CLANG_WARN_ENUM_CONVERSION = YES;
				CLANG_WARN_INT_CONVERSION = YES;
				CLANG_WARN_OBJC_ROOT_CLASS = YES_ERROR;
				CLANG_WARN_UNREACHABLE_CODE = YES;
				CLANG_WARN__DUPLICATE_METHOD_MATCH = YES;
				"CODE_SIGN_IDENTITY[sdk=iphoneos*]" = "iPhone Developer";
				COPY_PHASE_STRIP = YES;
				ENABLE_NS_ASSERTIONS = NO;
				ENABLE_STRICT_OBJC_MSGSEND = YES;
				GCC_C_LANGUAGE_STANDARD = gnu99;
				GCC_WARN_64_TO_32_BIT_CONVERSION = YES;
				GCC_WARN_ABOUT_RETURN_TYPE = YES_ERROR;
				GCC_WARN_UNDECLARED_SELECTOR = YES;
				GCC_WARN_UNINITIALIZED_AUTOS = YES_AGGRESSIVE;
				GCC_WARN_UNUSED_FUNCTION = YES;
				GCC_WARN_UNUSED_VARIABLE = YES;
				IPHONEOS_DEPLOYMENT_TARGET = 8.1;
				MTL_ENABLE_DEBUG_INFO = NO;
				SDKROOT = iphoneos;
				TARGETED_DEVICE_FAMILY = "1,2";
				VALIDATE_PRODUCT = YES;
			};
			name = Release;
		};
		A1AC33911A45E53F0015D7A9 /* Debug */ = {
			isa = XCBuildConfiguration;
			buildSettings = {
				ASSETCATALOG_COMPILER_APPICON_NAME = AppIcon;
				INFOPLIST_FILE = FoodTracker/Info.plist;
				LD_RUNPATH_SEARCH_PATHS = "$(inherited) @executable_path/Frameworks";
				PRODUCT_NAME = "$(TARGET_NAME)";
			};
			name = Debug;
		};
		A1AC33921A45E53F0015D7A9 /* Release */ = {
			isa = XCBuildConfiguration;
			buildSettings = {
				ASSETCATALOG_COMPILER_APPICON_NAME = AppIcon;
				INFOPLIST_FILE = FoodTracker/Info.plist;
				LD_RUNPATH_SEARCH_PATHS = "$(inherited) @executable_path/Frameworks";
				PRODUCT_NAME = "$(TARGET_NAME)";
			};
			name = Release;
		};
		A1AC33941A45E53F0015D7A9 /* Debug */ = {
			isa = XCBuildConfiguration;
			buildSettings = {
				BUNDLE_LOADER = "$(TEST_HOST)";
				FRAMEWORK_SEARCH_PATHS = (
					"$(SDKROOT)/Developer/Library/Frameworks",
					"$(inherited)",
				);
				GCC_PREPROCESSOR_DEFINITIONS = (
					"DEBUG=1",
					"$(inherited)",
				);
				INFOPLIST_FILE = FoodTrackerTests/Info.plist;
				LD_RUNPATH_SEARCH_PATHS = "$(inherited) @executable_path/Frameworks @loader_path/Frameworks";
				PRODUCT_NAME = "$(TARGET_NAME)";
				TEST_HOST = "$(BUILT_PRODUCTS_DIR)/FoodTracker.app/FoodTracker";
			};
			name = Debug;
		};
		A1AC33951A45E53F0015D7A9 /* Release */ = {
			isa = XCBuildConfiguration;
			buildSettings = {
				BUNDLE_LOADER = "$(TEST_HOST)";
				FRAMEWORK_SEARCH_PATHS = (
					"$(SDKROOT)/Developer/Library/Frameworks",
					"$(inherited)",
				);
				INFOPLIST_FILE = FoodTrackerTests/Info.plist;
				LD_RUNPATH_SEARCH_PATHS = "$(inherited) @executable_path/Frameworks @loader_path/Frameworks";
				PRODUCT_NAME = "$(TARGET_NAME)";
				TEST_HOST = "$(BUILT_PRODUCTS_DIR)/FoodTracker.app/FoodTracker";
			};
			name = Release;
		};
/* End XCBuildConfiguration section */

/* Begin XCConfigurationList section */
		A1AC33691A45E53E0015D7A9 /* Build configuration list for PBXProject "FoodTracker" */ = {
			isa = XCConfigurationList;
			buildConfigurations = (
				A1AC338E1A45E53F0015D7A9 /* Debug */,
				A1AC338F1A45E53F0015D7A9 /* Release */,
			);
			defaultConfigurationIsVisible = 0;
			defaultConfigurationName = Release;
		};
		A1AC33901A45E53F0015D7A9 /* Build configuration list for PBXNativeTarget "FoodTracker" */ = {
			isa = XCConfigurationList;
			buildConfigurations = (
				A1AC33911A45E53F0015D7A9 /* Debug */,
				A1AC33921A45E53F0015D7A9 /* Release */,
			);
			defaultConfigurationIsVisible = 0;
			defaultConfigurationName = Release;
		};
		A1AC33931A45E53F0015D7A9 /* Build configuration list for PBXNativeTarget "FoodTrackerTests" */ = {
			isa = XCConfigurationList;
			buildConfigurations = (
				A1AC33941A45E53F0015D7A9 /* Debug */,
				A1AC33951A45E53F0015D7A9 /* Release */,
			);
			defaultConfigurationIsVisible = 0;
			defaultConfigurationName = Release;
		};
/* End XCConfigurationList section */

/* Begin XCVersionGroup section */
		A1AC33751A45E53F0015D7A9 /* FoodTracker.xcdatamodeld */ = {
			isa = XCVersionGroup;
			children = (
				A1AC33761A45E53F0015D7A9 /* FoodTracker.xcdatamodel */,
			);
			currentVersion = A1AC33761A45E53F0015D7A9 /* FoodTracker.xcdatamodel */;
			path = FoodTracker.xcdatamodeld;
			sourceTree = "<group>";
			versionGroupType = wrapper.xcdatamodel;
		};
/* End XCVersionGroup section */
	};
	rootObject = A1AC33661A45E53E0015D7A9 /* Project object */;
}
